
Microsoft Visual Studio Solution File, Format Version 12.00
# Visual Studio Version 16
VisualStudioVersion = 16.0.29215.179
MinimumVisualStudioVersion = 10.0.40219.1
Project("{FAE04EC0-301F-11D3-BF4B-00C04F79EFBC}") = "UmbracoFlare", "UmbracoFlare\UmbracoFlare.csproj", "{7B2EB8C0-7022-40D1-8331-759327D4A7D0}"
EndProject
Global
	GlobalSection(SolutionConfigurationPlatforms) = preSolution
		Debug|Any CPU = Debug|Any CPU
		Release|Any CPU = Release|Any CPU
	EndGlobalSection
	GlobalSection(ProjectConfigurationPlatforms) = postSolution
		{7B2EB8C0-7022-40D1-8331-759327D4A7D0}.Debug|Any CPU.ActiveCfg = Debug|Any CPU
		{7B2EB8C0-7022-40D1-8331-759327D4A7D0}.Debug|Any CPU.Build.0 = Debug|Any CPU
		{7B2EB8C0-7022-40D1-8331-759327D4A7D0}.Release|Any CPU.ActiveCfg = Release|Any CPU
		{7B2EB8C0-7022-40D1-8331-759327D4A7D0}.Release|Any CPU.Build.0 = Release|Any CPU
	EndGlobalSection
	GlobalSection(SolutionProperties) = preSolution
		HideSolutionNode = FALSE
	EndGlobalSection
	GlobalSection(ExtensibilityGlobals) = postSolution
		SolutionGuid = {3CC9BB65-2195-403B-A325-6FF11B5875A0}
	EndGlobalSection
EndGlobal
